{
  "name": "tapable-test",
  "version": "1.0.0",
  "lockfileVersion": 1,
  "requires": true,
  "dependencies": {
    "tapable": {
      "version": "2.2.1",
      "resolved": "https://npm.corp.kuaishou.com/tapable/-/tapable-2.2.1.tgz",
      "integrity": "sha1-GWenPvQGCoLxKrlq+G1S/bdu7KA="
    }
  }
}
